# THIS IS AN AUTOGENERATED FILE. DO NOT EDIT THIS FILE DIRECTLY.
# yarn lockfile v1


"@workday/canvas-accent-icons-web@^0.3.0":
  version "0.3.0"
  resolved "https://artifactory.workday.com/artifactory/api/npm/npm-local/@workday/canvas-accent-icons-web/-/@workday/canvas-accent-icons-web-0.3.0.tgz#7de18ae416eeceea5825f11781f21a9f1b8eea8f"

"@workday/canvas-applet-icons-web@^0.3.0":
  version "0.3.0"
  resolved "https://artifactory.workday.com/artifactory/api/npm/npm-local/@workday/canvas-applet-icons-web/-/@workday/canvas-applet-icons-web-0.3.0.tgz#b55ad06a7291a3c650bc4a014b3fd1d79d0615f4"

"@workday/canvas-system-icons-web@^0.3.0":
  version "0.3.0"
  resolved "https://artifactory.workday.com/artifactory/api/npm/npm-local/@workday/canvas-system-icons-web/-/@workday/canvas-system-icons-web-0.3.0.tgz#cc94d3c286090baca43002995593daf3bd634691"
