# THIS IS AN AUTOGENERATED FILE. DO NOT EDIT THIS FILE DIRECTLY.
# yarn lockfile v1


"@workday/canvas-accent-icons-web@^0.2.0":
  version "0.2.0"
  resolved "https://artifactory.workday.com/artifactory/api/npm/npm-local/@workday/canvas-accent-icons-web/-/@workday/canvas-accent-icons-web-0.2.0.tgz#ea88bf28afe8639d2789cc8e80c05fd3d833fc58"

"@workday/canvas-applet-icons-web@^0.2.0":
  version "0.2.0"
  resolved "https://artifactory.workday.com/artifactory/api/npm/npm-local/@workday/canvas-applet-icons-web/-/@workday/canvas-applet-icons-web-0.2.0.tgz#9bda1a0b3a151ec5975134eda38c0e14590ed7ff"

"@workday/canvas-system-icons-web@^0.2.0":
  version "0.2.0"
  resolved "https://artifactory.workday.com/artifactory/api/npm/npm-local/@workday/canvas-system-icons-web/-/@workday/canvas-system-icons-web-0.2.0.tgz#a3dfc840c39a2ae74d8a95e42f4b6f65c3a5cd9c"
