# THIS IS AN AUTOGENERATED FILE. DO NOT EDIT THIS FILE DIRECTLY.
# yarn lockfile v1


"@workday/canvas-accent-icons-web@^0.5.0":
  version "0.5.0"
  resolved "https://artifactory.workday.com/artifactory/api/npm/npm-local/@workday/canvas-accent-icons-web/-/@workday/canvas-accent-icons-web-0.5.0.tgz#7958219fe51c0fb223ca39e2ae9bcb031c375e22"

"@workday/canvas-applet-icons-web@^0.5.0":
  version "0.5.0"
  resolved "https://artifactory.workday.com/artifactory/api/npm/npm-local/@workday/canvas-applet-icons-web/-/@workday/canvas-applet-icons-web-0.5.0.tgz#2516d0a1ccd3b583bf0d5aa90169db3967b8e3f9"

"@workday/canvas-system-icons-web@^0.5.0":
  version "0.5.0"
  resolved "https://artifactory.workday.com/artifactory/api/npm/npm-local/@workday/canvas-system-icons-web/-/@workday/canvas-system-icons-web-0.5.0.tgz#6c6a5e22f6cef64d9f5f64a8ed4bb7ccd5a0a650"
